
Microsoft Visual Studio Solution File, Format Version 12.00
# Visual Studio Version 16
VisualStudioVersion = 16.0.30907.101
MinimumVisualStudioVersion = 10.0.40219.1
Project("{FAE04EC0-301F-11D3-BF4B-00C04F79EFBC}") = "2_Variable", "2_Variable.csproj", "{492C6856-BD0A-4637-999A-17D34B54121E}"
EndProject
Global
	GlobalSection(SolutionConfigurationPlatforms) = preSolution
		Debug|Any CPU = Debug|Any CPU
		Release|Any CPU = Release|Any CPU
	EndGlobalSection
	GlobalSection(ProjectConfigurationPlatforms) = postSolution
		{492C6856-BD0A-4637-999A-17D34B54121E}.Debug|Any CPU.ActiveCfg = Debug|Any CPU
		{492C6856-BD0A-4637-999A-17D34B54121E}.Debug|Any CPU.Build.0 = Debug|Any CPU
		{492C6856-BD0A-4637-999A-17D34B54121E}.Release|Any CPU.ActiveCfg = Release|Any CPU
		{492C6856-BD0A-4637-999A-17D34B54121E}.Release|Any CPU.Build.0 = Release|Any CPU
	EndGlobalSection
	GlobalSection(SolutionProperties) = preSolution
		HideSolutionNode = FALSE
	EndGlobalSection
	GlobalSection(ExtensibilityGlobals) = postSolution
		SolutionGuid = {5991F501-6509-4AE5-AC51-FDF4228C7C5D}
	EndGlobalSection
EndGlobal
